Microsoft Visual Studio Solution File, Format Version 12.00
# Visual Studio Version 17
VisualStudioVersion = 17.8.34511.84
MinimumVisualStudioVersion = 16.0.0.0
Project("{9A19103F-16F7-4668-BE54-9A1E7A4F7556}") = "BlazorApp.Server", "Server\BlazorApp.Server.csproj", "{D85A0C66-6CB7-4B65-9EA4-0BAB62D9F8A1}"
EndProject
Project("{9A19103F-16F7-4668-BE54-9A1E7A4F7556}") = "BlazorApp.Client", "Client\BlazorApp.Client.csproj", "{5F664F9D-5B8C-47D3-83D8-E31972E3530E}"
EndProject
Project("{9A19103F-16F7-4668-BE54-9A1E7A4F7556}") = "BlazorApp.Shared", "Shared\BlazorApp.Shared.csproj", "{7F3C164A-CD9B-4EFE-8EB2-1BD04BC618F1}"
EndProject
Project("{2150E333-8FDC-42A3-9474-1A3956D46DE8}") = "Solution Items", "Solution Items", "{2DF5AD5B-8260-4071-B3E5-3A587D02DA0C}"
	ProjectSection(SolutionItems) = preProject
		INFO.txt = INFO.txt
	EndProjectSection
EndProject
Global
	GlobalSection(SolutionConfigurationPlatforms) = preSolution
		Debug|Any CPU = Debug|Any CPU
		Debug|x64 = Debug|x64
		Debug|x86 = Debug|x86
		Release|Any CPU = Release|Any CPU
		Release|x64 = Release|x64
		Release|x86 = Release|x86
	EndGlobalSection
	GlobalSection(ProjectConfigurationPlatforms) = postSolution
		{D85A0C66-6CB7-4B65-9EA4-0BAB62D9F8A1}.Debug|Any CPU.ActiveCfg = Debug|Any CPU
		{D85A0C66-6CB7-4B65-9EA4-0BAB62D9F8A1}.Debug|Any CPU.Build.0 = Debug|Any CPU
		{D85A0C66-6CB7-4B65-9EA4-0BAB62D9F8A1}.Debug|x64.ActiveCfg = Debug|Any CPU
		{D85A0C66-6CB7-4B65-9EA4-0BAB62D9F8A1}.Debug|x64.Build.0 = Debug|Any CPU
		{D85A0C66-6CB7-4B65-9EA4-0BAB62D9F8A1}.Debug|x86.ActiveCfg = Debug|Any CPU
		{D85A0C66-6CB7-4B65-9EA4-0BAB62D9F8A1}.Debug|x86.Build.0 = Debug|Any CPU
		{D85A0C66-6CB7-4B65-9EA4-0BAB62D9F8A1}.Release|Any CPU.ActiveCfg = Release|Any CPU
		{D85A0C66-6CB7-4B65-9EA4-0BAB62D9F8A1}.Release|Any CPU.Build.0 = Release|Any CPU
		{D85A0C66-6CB7-4B65-9EA4-0BAB62D9F8A1}.Release|x64.ActiveCfg = Release|Any CPU
		{D85A0C66-6CB7-4B65-9EA4-0BAB62D9F8A1}.Release|x64.Build.0 = Release|Any CPU
		{D85A0C66-6CB7-4B65-9EA4-0BAB62D9F8A1}.Release|x86.ActiveCfg = Release|Any CPU
		{D85A0C66-6CB7-4B65-9EA4-0BAB62D9F8A1}.Release|x86.Build.0 = Release|Any CPU
		{5F664F9D-5B8C-47D3-83D8-E31972E3530E}.Debug|Any CPU.ActiveCfg = Debug|Any CPU
		{5F664F9D-5B8C-47D3-83D8-E31972E3530E}.Debug|Any CPU.Build.0 = Debug|Any CPU
		{5F664F9D-5B8C-47D3-83D8-E31972E3530E}.Debug|x64.ActiveCfg = Debug|Any CPU
		{5F664F9D-5B8C-47D3-83D8-E31972E3530E}.Debug|x64.Build.0 = Debug|Any CPU
		{5F664F9D-5B8C-47D3-83D8-E31972E3530E}.Debug|x86.ActiveCfg = Debug|Any CPU
		{5F664F9D-5B8C-47D3-83D8-E31972E3530E}.Debug|x86.Build.0 = Debug|Any CPU
		{5F664F9D-5B8C-47D3-83D8-E31972E3530E}.Release|Any CPU.ActiveCfg = Release|Any CPU
		{5F664F9D-5B8C-47D3-83D8-E31972E3530E}.Release|Any CPU.Build.0 = Release|Any CPU
		{5F664F9D-5B8C-47D3-83D8-E31972E3530E}.Release|x64.ActiveCfg = Release|Any CPU
		{5F664F9D-5B8C-47D3-83D8-E31972E3530E}.Release|x64.Build.0 = Release|Any CPU
		{5F664F9D-5B8C-47D3-83D8-E31972E3530E}.Release|x86.ActiveCfg = Release|Any CPU
		{5F664F9D-5B8C-47D3-83D8-E31972E3530E}.Release|x86.Build.0 = Release|Any CPU
		{7F3C164A-CD9B-4EFE-8EB2-1BD04BC618F1}.Debug|Any CPU.ActiveCfg = Debug|Any CPU
		{7F3C164A-CD9B-4EFE-8EB2-1BD04BC618F1}.Debug|Any CPU.Build.0 = Debug|Any CPU
		{7F3C164A-CD9B-4EFE-8EB2-1BD04BC618F1}.Debug|x64.ActiveCfg = Debug|Any CPU
		{7F3C164A-CD9B-4EFE-8EB2-1BD04BC618F1}.Debug|x64.Build.0 = Debug|Any CPU
		{7F3C164A-CD9B-4EFE-8EB2-1BD04BC618F1}.Debug|x86.ActiveCfg = Debug|Any CPU
		{7F3C164A-CD9B-4EFE-8EB2-1BD04BC618F1}.Debug|x86.Build.0 = Debug|Any CPU
		{7F3C164A-CD9B-4EFE-8EB2-1BD04BC618F1}.Release|Any CPU.ActiveCfg = Release|Any CPU
		{7F3C164A-CD9B-4EFE-8EB2-1BD04BC618F1}.Release|Any CPU.Build.0 = Release|Any CPU
		{7F3C164A-CD9B-4EFE-8EB2-1BD04BC618F1}.Release|x64.ActiveCfg = Release|Any CPU
		{7F3C164A-CD9B-4EFE-8EB2-1BD04BC618F1}.Release|x64.Build.0 = Release|Any CPU
		{7F3C164A-CD9B-4EFE-8EB2-1BD04BC618F1}.Release|x86.ActiveCfg = Release|Any CPU
		{7F3C164A-CD9B-4EFE-8EB2-1BD04BC618F1}.Release|x86.Build.0 = Release|Any CPU
	EndGlobalSection
	GlobalSection(SolutionProperties) = preSolution
		HideSolutionNode = FALSE
	EndGlobalSection
	GlobalSection(ExtensibilityGlobals) = postSolution
		SolutionGuid = {F2E597AB-2463-4CDC-8FC1-D5BF54E92968}
	EndGlobalSection
EndGlobal
